# THIS IS AN AUTOGENERATED FILE. DO NOT EDIT THIS FILE DIRECTLY.
# yarn lockfile v1


"@hotwired/stimulus-webpack-helpers@^1.0.0":
  "integrity" "sha512-wa/zupVG0eWxRYJjC1IiPBdt3Lruv0RqGN+/DTMmUWUyMAEB27KXmVY6a8YpUVTM7QwVuaLNGW4EqDgrS2upXQ=="
  "resolved" "https://registry.npmjs.org/@hotwired/stimulus-webpack-helpers/-/stimulus-webpack-helpers-1.0.1.tgz"
  "version" "1.0.1"

"@hotwired/stimulus@^3.0.1", "@hotwired/stimulus@>= 3.0":
  "integrity" "sha512-oHsJhgY2cip+K2ED7vKUNd2P+BEswVhrCYcJ802DSsblJFv7mPFVk3cQKvm2vHgHeDVdnj7oOKrBbzp1u8D+KA=="
  "resolved" "https://registry.npmjs.org/@hotwired/stimulus/-/stimulus-3.0.1.tgz"
  "version" "3.0.1"

"channels@^0.0.4":
  "integrity" "sha1-G+4yPt6hUrue8E9BvG5rD1lIqUE="
  "resolved" "https://registry.npmjs.org/channels/-/channels-0.0.4.tgz"
  "version" "0.0.4"

"stimulus@^3.0.1":
  "integrity" "sha512-73uZG5E5bwH7W2BldieTXg4yJuEmOfIHgtO/aqwU0JkWNjwY75ZaoOAD2EEPvi5AK43N9adEeOQOmlgWf59HOg=="
  "resolved" "https://registry.npmjs.org/stimulus/-/stimulus-3.0.1.tgz"
  "version" "3.0.1"
  dependencies:
    "@hotwired/stimulus" "^3.0.1"
    "@hotwired/stimulus-webpack-helpers" "^1.0.0"
